
Microsoft Visual Studio Solution File, Format Version 12.00
# Visual Studio 2013
VisualStudioVersion = 12.0.30501.0
MinimumVisualStudioVersion = 10.0.40219.1
Project("{E24C65DC-7377-472B-9ABA-BC803B73C61A}") = "Flymu", "http://localhost:50780", "{85A94DF1-E335-4392-8D6A-84924D68AF18}"
	ProjectSection(WebsiteProperties) = preProject
		UseIISExpress = "true"
		TargetFrameworkMoniker = ".NETFramework,Version%3Dv4.5"
		Debug.AspNetCompiler.VirtualPath = "/localhost_50780"
		Debug.AspNetCompiler.PhysicalPath = "..\..\..\GitHub\Flyer\Flymu\"
		Debug.AspNetCompiler.TargetPath = "PrecompiledWeb\localhost_50780\"
		Debug.AspNetCompiler.Updateable = "true"
		Debug.AspNetCompiler.ForceOverwrite = "true"
		Debug.AspNetCompiler.FixedNames = "false"
		Debug.AspNetCompiler.Debug = "True"
		Release.AspNetCompiler.VirtualPath = "/localhost_50780"
		Release.AspNetCompiler.PhysicalPath = "..\..\..\GitHub\Flyer\Flymu\"
		Release.AspNetCompiler.TargetPath = "PrecompiledWeb\localhost_50780\"
		Release.AspNetCompiler.Updateable = "true"
		Release.AspNetCompiler.ForceOverwrite = "true"
		Release.AspNetCompiler.FixedNames = "false"
		Release.AspNetCompiler.Debug = "False"
		SlnRelativePath = "..\..\..\GitHub\Flyer\Flymu\"
	EndProjectSection
EndProject
Global
	GlobalSection(SolutionConfigurationPlatforms) = preSolution
		Debug|Any CPU = Debug|Any CPU
	EndGlobalSection
	GlobalSection(ProjectConfigurationPlatforms) = postSolution
		{85A94DF1-E335-4392-8D6A-84924D68AF18}.Debug|Any CPU.ActiveCfg = Debug|Any CPU
		{85A94DF1-E335-4392-8D6A-84924D68AF18}.Debug|Any CPU.Build.0 = Debug|Any CPU
	EndGlobalSection
	GlobalSection(SolutionProperties) = preSolution
		HideSolutionNode = FALSE
	EndGlobalSection
EndGlobal
