
Microsoft Visual Studio Solution File, Format Version 12.00
# Visual Studio 2013
VisualStudioVersion = 12.0.30501.0
MinimumVisualStudioVersion = 10.0.40219.1
Project("{9092AA53-FB77-4645-B42D-1CCCA6BD08BD}") = "NodejsApp1", "NodejsApp1\NodejsApp1.njsproj", "{3ADFCAA6-E77A-4E2B-822A-4B9720EF2E1B}"
EndProject
Global
	GlobalSection(SolutionConfigurationPlatforms) = preSolution
		Debug|Any CPU = Debug|Any CPU
		Release|Any CPU = Release|Any CPU
	EndGlobalSection
	GlobalSection(ProjectConfigurationPlatforms) = postSolution
		{3ADFCAA6-E77A-4E2B-822A-4B9720EF2E1B}.Debug|Any CPU.ActiveCfg = Debug|Any CPU
		{3ADFCAA6-E77A-4E2B-822A-4B9720EF2E1B}.Debug|Any CPU.Build.0 = Debug|Any CPU
		{3ADFCAA6-E77A-4E2B-822A-4B9720EF2E1B}.Release|Any CPU.ActiveCfg = Release|Any CPU
		{3ADFCAA6-E77A-4E2B-822A-4B9720EF2E1B}.Release|Any CPU.Build.0 = Release|Any CPU
	EndGlobalSection
	GlobalSection(SolutionProperties) = preSolution
		HideSolutionNode = FALSE
	EndGlobalSection
EndGlobal
